
Microsoft Visual Studio Solution File, Format Version 12.00
# Visual Studio Version 17
VisualStudioVersion = 17.5.33414.496
MinimumVisualStudioVersion = 10.0.40219.1
Project("{FAE04EC0-301F-11D3-BF4B-00C04F79EFBC}") = "TodoList.PL.Console", "TodoList.PL.Console\TodoList.PL.Console.csproj", "{7834488F-FFC8-4A7E-9EC4-A39F2EFC1A84}"
EndProject
Global
	GlobalSection(SolutionConfigurationPlatforms) = preSolution
		Debug|Any CPU = Debug|Any CPU
		Release|Any CPU = Release|Any CPU
	EndGlobalSection
	GlobalSection(ProjectConfigurationPlatforms) = postSolution
		{7834488F-FFC8-4A7E-9EC4-A39F2EFC1A84}.Debug|Any CPU.ActiveCfg = Debug|Any CPU
		{7834488F-FFC8-4A7E-9EC4-A39F2EFC1A84}.Debug|Any CPU.Build.0 = Debug|Any CPU
		{7834488F-FFC8-4A7E-9EC4-A39F2EFC1A84}.Release|Any CPU.ActiveCfg = Release|Any CPU
		{7834488F-FFC8-4A7E-9EC4-A39F2EFC1A84}.Release|Any CPU.Build.0 = Release|Any CPU
	EndGlobalSection
	GlobalSection(SolutionProperties) = preSolution
		HideSolutionNode = FALSE
	EndGlobalSection
	GlobalSection(ExtensibilityGlobals) = postSolution
		SolutionGuid = {DB915668-130C-4F54-BC76-ED7445E8D705}
	EndGlobalSection
EndGlobal
