
Microsoft Visual Studio Solution File, Format Version 12.00
# Visual Studio Version 17
VisualStudioVersion = 17.5.33414.496
MinimumVisualStudioVersion = 10.0.40219.1
Project("{9A19103F-16F7-4668-BE54-9A1E7A4F7556}") = "TodoList.PL.Console", "TodoList.PL.Console\TodoList.PL.Console.csproj", "{7834488F-FFC8-4A7E-9EC4-A39F2EFC1A84}"
EndProject
Project("{2150E333-8FDC-42A3-9474-1A3956D46DE8}") = "PL", "PL", "{234E0885-6393-490A-A55D-CD1747D7D7D0}"
EndProject
Project("{2150E333-8FDC-42A3-9474-1A3956D46DE8}") = "DAL", "DAL", "{81F956C4-2C50-4DC4-A91D-3868DDFCA66F}"
EndProject
Project("{2150E333-8FDC-42A3-9474-1A3956D46DE8}") = "BLL", "BLL", "{08118235-3D86-4DD8-8F53-BCE0EF5BD0DF}"
EndProject
Project("{2150E333-8FDC-42A3-9474-1A3956D46DE8}") = "Core", "Core", "{9741DBBA-80C0-4119-9DE5-F4555C5529BC}"
EndProject
Project("{9A19103F-16F7-4668-BE54-9A1E7A4F7556}") = "TodoList.Entities", "TodoList.Entities\TodoList.Entities.csproj", "{EC35CA41-D21C-4F19-B252-FB464C2AA50A}"
EndProject
Project("{9A19103F-16F7-4668-BE54-9A1E7A4F7556}") = "TodoList.BLL.Interfaces", "TodoList.BLL.Interfaces\TodoList.BLL.Interfaces.csproj", "{1189071F-952D-44AE-BB9D-01B6669F11D5}"
EndProject
Project("{9A19103F-16F7-4668-BE54-9A1E7A4F7556}") = "TodoList.DAL.Interfaces", "TodoList.DAL.Interfaces\TodoList.DAL.Interfaces.csproj", "{FDED5189-8836-43B5-8478-5440181E2476}"
EndProject
Project("{9A19103F-16F7-4668-BE54-9A1E7A4F7556}") = "TodoList.DAL.JsonDAO", "TodoList.DAL.JsonDAO\TodoList.DAL.JsonDAO.csproj", "{63053A78-A051-4B9F-8761-CCE7BF192F26}"
EndProject
Project("{9A19103F-16F7-4668-BE54-9A1E7A4F7556}") = "TodoList.BLL.Implementations", "TodoList.BLL.Implementations\TodoList.BLL.Implementations.csproj", "{0AA534E1-2CE9-4AD7-8A79-0CBB68A21CBF}"
EndProject
Project("{9A19103F-16F7-4668-BE54-9A1E7A4F7556}") = "TodoList.BLL.DTOs", "TodoList.BLL.DTOs\TodoList.BLL.DTOs.csproj", "{A371118D-E134-4C64-BAD7-56338FE74931}"
EndProject
Project("{FAE04EC0-301F-11D3-BF4B-00C04F79EFBC}") = "TodoList.PL.WebAPI", "TodoList.PL.WebAPI\TodoList.PL.WebAPI.csproj", "{6049D581-B80F-4DDA-B78D-77724D314E89}"
EndProject
Project("{FAE04EC0-301F-11D3-BF4B-00C04F79EFBC}") = "TodoList.DAL.SqlDAO", "TodoList.DAL.SqlDAO\TodoList.DAL.SqlDAO.csproj", "{3C6E2F2C-D021-498D-BD21-0939856FC956}"
EndProject
Global
	GlobalSection(SolutionConfigurationPlatforms) = preSolution
		Debug|Any CPU = Debug|Any CPU
		Release|Any CPU = Release|Any CPU
	EndGlobalSection
	GlobalSection(ProjectConfigurationPlatforms) = postSolution
		{7834488F-FFC8-4A7E-9EC4-A39F2EFC1A84}.Debug|Any CPU.ActiveCfg = Debug|Any CPU
		{7834488F-FFC8-4A7E-9EC4-A39F2EFC1A84}.Debug|Any CPU.Build.0 = Debug|Any CPU
		{7834488F-FFC8-4A7E-9EC4-A39F2EFC1A84}.Release|Any CPU.ActiveCfg = Release|Any CPU
		{7834488F-FFC8-4A7E-9EC4-A39F2EFC1A84}.Release|Any CPU.Build.0 = Release|Any CPU
		{EC35CA41-D21C-4F19-B252-FB464C2AA50A}.Debug|Any CPU.ActiveCfg = Debug|Any CPU
		{EC35CA41-D21C-4F19-B252-FB464C2AA50A}.Debug|Any CPU.Build.0 = Debug|Any CPU
		{EC35CA41-D21C-4F19-B252-FB464C2AA50A}.Release|Any CPU.ActiveCfg = Release|Any CPU
		{EC35CA41-D21C-4F19-B252-FB464C2AA50A}.Release|Any CPU.Build.0 = Release|Any CPU
		{1189071F-952D-44AE-BB9D-01B6669F11D5}.Debug|Any CPU.ActiveCfg = Debug|Any CPU
		{1189071F-952D-44AE-BB9D-01B6669F11D5}.Debug|Any CPU.Build.0 = Debug|Any CPU
		{1189071F-952D-44AE-BB9D-01B6669F11D5}.Release|Any CPU.ActiveCfg = Release|Any CPU
		{1189071F-952D-44AE-BB9D-01B6669F11D5}.Release|Any CPU.Build.0 = Release|Any CPU
		{FDED5189-8836-43B5-8478-5440181E2476}.Debug|Any CPU.ActiveCfg = Debug|Any CPU
		{FDED5189-8836-43B5-8478-5440181E2476}.Debug|Any CPU.Build.0 = Debug|Any CPU
		{FDED5189-8836-43B5-8478-5440181E2476}.Release|Any CPU.ActiveCfg = Release|Any CPU
		{FDED5189-8836-43B5-8478-5440181E2476}.Release|Any CPU.Build.0 = Release|Any CPU
		{63053A78-A051-4B9F-8761-CCE7BF192F26}.Debug|Any CPU.ActiveCfg = Debug|Any CPU
		{63053A78-A051-4B9F-8761-CCE7BF192F26}.Debug|Any CPU.Build.0 = Debug|Any CPU
		{63053A78-A051-4B9F-8761-CCE7BF192F26}.Release|Any CPU.ActiveCfg = Release|Any CPU
		{63053A78-A051-4B9F-8761-CCE7BF192F26}.Release|Any CPU.Build.0 = Release|Any CPU
		{0AA534E1-2CE9-4AD7-8A79-0CBB68A21CBF}.Debug|Any CPU.ActiveCfg = Debug|Any CPU
		{0AA534E1-2CE9-4AD7-8A79-0CBB68A21CBF}.Debug|Any CPU.Build.0 = Debug|Any CPU
		{0AA534E1-2CE9-4AD7-8A79-0CBB68A21CBF}.Release|Any CPU.ActiveCfg = Release|Any CPU
		{0AA534E1-2CE9-4AD7-8A79-0CBB68A21CBF}.Release|Any CPU.Build.0 = Release|Any CPU
		{A371118D-E134-4C64-BAD7-56338FE74931}.Debug|Any CPU.ActiveCfg = Debug|Any CPU
		{A371118D-E134-4C64-BAD7-56338FE74931}.Debug|Any CPU.Build.0 = Debug|Any CPU
		{A371118D-E134-4C64-BAD7-56338FE74931}.Release|Any CPU.ActiveCfg = Release|Any CPU
		{A371118D-E134-4C64-BAD7-56338FE74931}.Release|Any CPU.Build.0 = Release|Any CPU
		{6049D581-B80F-4DDA-B78D-77724D314E89}.Debug|Any CPU.ActiveCfg = Debug|Any CPU
		{6049D581-B80F-4DDA-B78D-77724D314E89}.Debug|Any CPU.Build.0 = Debug|Any CPU
		{6049D581-B80F-4DDA-B78D-77724D314E89}.Release|Any CPU.ActiveCfg = Release|Any CPU
		{6049D581-B80F-4DDA-B78D-77724D314E89}.Release|Any CPU.Build.0 = Release|Any CPU
		{3C6E2F2C-D021-498D-BD21-0939856FC956}.Debug|Any CPU.ActiveCfg = Debug|Any CPU
		{3C6E2F2C-D021-498D-BD21-0939856FC956}.Debug|Any CPU.Build.0 = Debug|Any CPU
		{3C6E2F2C-D021-498D-BD21-0939856FC956}.Release|Any CPU.ActiveCfg = Release|Any CPU
		{3C6E2F2C-D021-498D-BD21-0939856FC956}.Release|Any CPU.Build.0 = Release|Any CPU
	EndGlobalSection
	GlobalSection(SolutionProperties) = preSolution
		HideSolutionNode = FALSE
	EndGlobalSection
	GlobalSection(NestedProjects) = preSolution
		{7834488F-FFC8-4A7E-9EC4-A39F2EFC1A84} = {234E0885-6393-490A-A55D-CD1747D7D7D0}
		{EC35CA41-D21C-4F19-B252-FB464C2AA50A} = {9741DBBA-80C0-4119-9DE5-F4555C5529BC}
		{1189071F-952D-44AE-BB9D-01B6669F11D5} = {08118235-3D86-4DD8-8F53-BCE0EF5BD0DF}
		{FDED5189-8836-43B5-8478-5440181E2476} = {81F956C4-2C50-4DC4-A91D-3868DDFCA66F}
		{63053A78-A051-4B9F-8761-CCE7BF192F26} = {81F956C4-2C50-4DC4-A91D-3868DDFCA66F}
		{0AA534E1-2CE9-4AD7-8A79-0CBB68A21CBF} = {08118235-3D86-4DD8-8F53-BCE0EF5BD0DF}
		{A371118D-E134-4C64-BAD7-56338FE74931} = {08118235-3D86-4DD8-8F53-BCE0EF5BD0DF}
		{6049D581-B80F-4DDA-B78D-77724D314E89} = {234E0885-6393-490A-A55D-CD1747D7D7D0}
		{3C6E2F2C-D021-498D-BD21-0939856FC956} = {81F956C4-2C50-4DC4-A91D-3868DDFCA66F}
	EndGlobalSection
	GlobalSection(ExtensibilityGlobals) = postSolution
		SolutionGuid = {DB915668-130C-4F54-BC76-ED7445E8D705}
	EndGlobalSection
EndGlobal
